
Microsoft Visual Studio Solution File, Format Version 12.00
# Visual Studio 2015
Project("{FAE04EC0-301F-11D3-BF4B-00C04F79EFBC}") = "JumpToTower.CSharp", "JumpToTower.CSharp.csproj", "{8576BFF7-19A6-23B8-22E4-B01D9F592C40}"
EndProject
Project("{FAE04EC0-301F-11D3-BF4B-00C04F79EFBC}") = "JumpToTower.CSharp.Editor", "JumpToTower.CSharp.Editor.csproj", "{C053707E-2FF9-F412-0794-7B7FC7E323C6}"
EndProject
Global
	GlobalSection(SolutionConfigurationPlatforms) = preSolution
		Debug|Any CPU = Debug|Any CPU
		Release|Any CPU = Release|Any CPU
	EndGlobalSection
	GlobalSection(ProjectConfigurationPlatforms) = postSolution
		{8576BFF7-19A6-23B8-22E4-B01D9F592C40}.Debug|Any CPU.ActiveCfg = Debug|Any CPU
		{8576BFF7-19A6-23B8-22E4-B01D9F592C40}.Debug|Any CPU.Build.0 = Debug|Any CPU
		{8576BFF7-19A6-23B8-22E4-B01D9F592C40}.Release|Any CPU.ActiveCfg = Release|Any CPU
		{8576BFF7-19A6-23B8-22E4-B01D9F592C40}.Release|Any CPU.Build.0 = Release|Any CPU
		{C053707E-2FF9-F412-0794-7B7FC7E323C6}.Debug|Any CPU.ActiveCfg = Debug|Any CPU
		{C053707E-2FF9-F412-0794-7B7FC7E323C6}.Debug|Any CPU.Build.0 = Debug|Any CPU
		{C053707E-2FF9-F412-0794-7B7FC7E323C6}.Release|Any CPU.ActiveCfg = Release|Any CPU
		{C053707E-2FF9-F412-0794-7B7FC7E323C6}.Release|Any CPU.Build.0 = Release|Any CPU
	EndGlobalSection
	GlobalSection(SolutionProperties) = preSolution
		HideSolutionNode = FALSE
	EndGlobalSection
EndGlobal
