Microsoft Visual Studio Solution File, Format Version 11.00
# Visual Studio 2008

Project("{4A0E787B-E14B-F3ED-8709-A1A844F44219}") = "JumpToTower", "Assembly-CSharp.csproj", "{1DA2103A-2597-CF6C-87BD-54D5CEA0B4FF}"
EndProject
Project("{4A0E787B-E14B-F3ED-8709-A1A844F44219}") = "JumpToTower", "Assembly-CSharp-Editor.csproj", "{92B99F0D-4DED-BB59-B844-A62A6C50BF73}"
EndProject
Global
	GlobalSection(SolutionConfigurationPlatforms) = preSolution
		Debug|Any CPU = Debug|Any CPU
		Release|Any CPU = Release|Any CPU
	EndGlobalSection
	GlobalSection(ProjectConfigurationPlatforms) = postSolution
		{1DA2103A-2597-CF6C-87BD-54D5CEA0B4FF}.Debug|Any CPU.ActiveCfg = Debug|Any CPU
		{1DA2103A-2597-CF6C-87BD-54D5CEA0B4FF}.Debug|Any CPU.Build.0 = Debug|Any CPU
		{1DA2103A-2597-CF6C-87BD-54D5CEA0B4FF}.Release|Any CPU.ActiveCfg = Release|Any CPU
		{1DA2103A-2597-CF6C-87BD-54D5CEA0B4FF}.Release|Any CPU.Build.0 = Release|Any CPU
		{92B99F0D-4DED-BB59-B844-A62A6C50BF73}.Debug|Any CPU.ActiveCfg = Debug|Any CPU
		{92B99F0D-4DED-BB59-B844-A62A6C50BF73}.Debug|Any CPU.Build.0 = Debug|Any CPU
		{92B99F0D-4DED-BB59-B844-A62A6C50BF73}.Release|Any CPU.ActiveCfg = Release|Any CPU
		{92B99F0D-4DED-BB59-B844-A62A6C50BF73}.Release|Any CPU.Build.0 = Release|Any CPU
	EndGlobalSection
	GlobalSection(SolutionProperties) = preSolution
		HideSolutionNode = FALSE
	EndGlobalSection
	GlobalSection(MonoDevelopProperties) = preSolution
		StartupItem = Assembly-CSharp.csproj
	EndGlobalSection
EndGlobal
